{
  "name": "mc-always-online-proxy",
  "requires": true,
  "lockfileVersion": 1,
  "dependencies": {
    "@types/node": {
      "version": "10.14.14",
      "resolved": "https://registry.npmjs.org/@types/node/-/node-10.14.14.tgz",
      "integrity": "sha512-xXD08vZsvpv4xptQXj1+ky22f7ZoKu5ZNI/4l+/BXG3X+XaeZsmaFbbTKuhSE3NjjvRuZFxFf9sQBMXIcZNFMQ==",
      "dev": true
    },
    "mcproto": {
      "version": "0.6.1",
      "resolved": "https://registry.npmjs.org/mcproto/-/mcproto-0.6.1.tgz",
      "integrity": "sha512-gp83aon9jGte8i4ltMZJV1MqVEaY2isIyEpKbFdMe6sQpPZvQk4jwlc2zxbrgvjHODV6SCLZ9OWDVUpYao0Ttw==",
      "requires": {
        "node-fetch": "^2.6.0"
      }
    },
    "node-fetch": {
      "version": "2.6.0",
      "resolved": "https://registry.npmjs.org/node-fetch/-/node-fetch-2.6.0.tgz",
      "integrity": "sha512-8dG4H5ujfvFiqDmVu9fQ5bOHUC15JMjMY/Zumv26oOvvVJjM67KF8koCWIabKQ1GJIa9r2mMZscBq/TbdOcmNA=="
    }
  }
}
